// !$*UTF8*$!
{
	archiveVersion = 1;
	classes = {
	};
	objectVersion = 46;
	objects = {

/* Begin PBXBuildFile section */
		13B07FBC1A68108700A75B9A /* AppDelegate.m in Sources */ = {isa = PBXBuildFile; fileRef = 13B07FB01A68108700A75B9A /* AppDelegate.m */; };
		13B07FBF1A68108700A75B9A /* Images.xcassets in Resources */ = {isa = PBXBuildFile; fileRef = 13B07FB51A68108700A75B9A /* Images.xcassets */; };
		13B07FC11A68108700A75B9A /* main.m in Sources */ = {isa = PBXBuildFile; fileRef = 13B07FB71A68108700A75B9A /* main.m */; };
		D721B50124D2433E00C15918 /* LaunchScreen.xib in Resources */ = {isa = PBXBuildFile; fileRef = D721B4FF24D2433E00C15918 /* LaunchScreen.xib */; };
		D721B50924D2442B00C15918 /* OpenSans-Bold.ttf in Resources */ = {isa = PBXBuildFile; fileRef = D721B50224D2442A00C15918 /* OpenSans-Bold.ttf */; };
		D721B50A24D2442B00C15918 /* OpenSans-Regular.ttf in Resources */ = {isa = PBXBuildFile; fileRef = D721B50324D2442A00C15918 /* OpenSans-Regular.ttf */; };
		D721B50B24D2442B00C15918 /* Barlow-Bold.ttf in Resources */ = {isa = PBXBuildFile; fileRef = D721B50424D2442A00C15918 /* Barlow-Bold.ttf */; };
		D721B50C24D2442B00C15918 /* OpenSans-SemiBold.ttf in Resources */ = {isa = PBXBuildFile; fileRef = D721B50524D2442A00C15918 /* OpenSans-SemiBold.ttf */; };
		D721B50D24D2442B00C15918 /* Montserrat-SemiBold.ttf in Resources */ = {isa = PBXBuildFile; fileRef = D721B50624D2442A00C15918 /* Montserrat-SemiBold.ttf */; };
		D721B50E24D2442B00C15918 /* Montserrat-Regular.ttf in Resources */ = {isa = PBXBuildFile; fileRef = D721B50724D2442B00C15918 /* Montserrat-Regular.ttf */; };
		D721B50F24D2442B00C15918 /* Montserrat-Bold.ttf in Resources */ = {isa = PBXBuildFile; fileRef = D721B50824D2442B00C15918 /* Montserrat-Bold.ttf */; };
		D72318B424D2A5100041BA03 /* GoogleService-Info.plist in Resources */ = {isa = PBXBuildFile; fileRef = D72318B324D2A5100041BA03 /* GoogleService-Info.plist */; };
		DC7E37660CC4A37B0F462DAB /* libPods-Laskux.a in Frameworks */ = {isa = PBXBuildFile; fileRef = 08C33C792E05A303FDF0B1A2 /* libPods-Laskux.a */; };
/* End PBXBuildFile section */

/* Begin PBXFileReference section */
		008F07F21AC5B25A0029DE68 /* main.jsbundle */ = {isa = PBXFileReference; fileEncoding = 4; lastKnownFileType = text; path = main.jsbundle; sourceTree = "<group>"; };
		00E356F11AD99517003FC87E /* Info.plist */ = {isa = PBXFileReference; lastKnownFileType = text.plist.xml; path = Info.plist; sourceTree = "<group>"; };
		00E356F21AD99517003FC87E /* LaskuxTests.m */ = {isa = PBXFileReference; lastKnownFileType = sourcecode.c.objc; path = LaskuxTests.m; sourceTree = "<group>"; };
		0502824FB2F1463BA3E243A9 /* FontAwesome5_Regular.ttf */ = {isa = PBXFileReference; explicitFileType = undefined; fileEncoding = 9; includeInIndex = 0; lastKnownFileType = unknown; name = FontAwesome5_Regular.ttf; path = "../node_modules/react-native-vector-icons/Fonts/FontAwesome5_Regular.ttf"; sourceTree = "<group>"; };
		08C33C792E05A303FDF0B1A2 /* libPods-Laskux.a */ = {isa = PBXFileReference; explicitFileType = archive.ar; includeInIndex = 0; path = "libPods-Laskux.a"; sourceTree = BUILT_PRODUCTS_DIR; };
		0BDDC80D065A40B692EEE455 /* FontAwesome5_Solid.ttf */ = {isa = PBXFileReference; explicitFileType = undefined; fileEncoding = 9; includeInIndex = 0; lastKnownFileType = unknown; name = FontAwesome5_Solid.ttf; path = "../node_modules/react-native-vector-icons/Fonts/FontAwesome5_Solid.ttf"; sourceTree = "<group>"; };
		0C59CAF46F4D40479861EB9C /* SimpleLineIcons.ttf */ = {isa = PBXFileReference; explicitFileType = undefined; fileEncoding = 9; includeInIndex = 0; lastKnownFileType = unknown; name = SimpleLineIcons.ttf; path = "../node_modules/react-native-vector-icons/Fonts/SimpleLineIcons.ttf"; sourceTree = "<group>"; };
		13B07F961A680F5B00A75B9A /* Laskux.app */ = {isa = PBXFileReference; explicitFileType = wrapper.application; includeInIndex = 0; path = Laskux.app; sourceTree = BUILT_PRODUCTS_DIR; };
		13B07FAF1A68108700A75B9A /* AppDelegate.h */ = {isa = PBXFileReference; fileEncoding = 4; lastKnownFileType = sourcecode.c.h; name = AppDelegate.h; path = Laskux/AppDelegate.h; sourceTree = "<group>"; };
		13B07FB01A68108700A75B9A /* AppDelegate.m */ = {isa = PBXFileReference; fileEncoding = 4; lastKnownFileType = sourcecode.c.objc; name = AppDelegate.m; path = Laskux/AppDelegate.m; sourceTree = "<group>"; };
		13B07FB51A68108700A75B9A /* Images.xcassets */ = {isa = PBXFileReference; lastKnownFileType = folder.assetcatalog; name = Images.xcassets; path = Laskux/Images.xcassets; sourceTree = "<group>"; };
		13B07FB61A68108700A75B9A /* Info.plist */ = {isa = PBXFileReference; fileEncoding = 4; lastKnownFileType = text.plist.xml; name = Info.plist; path = Laskux/Info.plist; sourceTree = "<group>"; };
		13B07FB71A68108700A75B9A /* main.m */ = {isa = PBXFileReference; fileEncoding = 4; lastKnownFileType = sourcecode.c.objc; name = main.m; path = Laskux/main.m; sourceTree = "<group>"; };
		208029179D2A4415A2CA0FAE /* Fontisto.ttf */ = {isa = PBXFileReference; explicitFileType = undefined; fileEncoding = 9; includeInIndex = 0; lastKnownFileType = unknown; name = Fontisto.ttf; path = "../node_modules/react-native-vector-icons/Fonts/Fontisto.ttf"; sourceTree = "<group>"; };
		24E73D61A934418B8F9829D3 /* FontAwesome5_Brands.ttf */ = {isa = PBXFileReference; explicitFileType = undefined; fileEncoding = 9; includeInIndex = 0; lastKnownFileType = unknown; name = FontAwesome5_Brands.ttf; path = "../node_modules/react-native-vector-icons/Fonts/FontAwesome5_Brands.ttf"; sourceTree = "<group>"; };
		33DB393863AD4DF08EBBA6F8 /* Feather.ttf */ = {isa = PBXFileReference; explicitFileType = undefined; fileEncoding = 9; includeInIndex = 0; lastKnownFileType = unknown; name = Feather.ttf; path = "../node_modules/react-native-vector-icons/Fonts/Feather.ttf"; sourceTree = "<group>"; };
		3E0DE80405104031ABCD72A4 /* Entypo.ttf */ = {isa = PBXFileReference; explicitFileType = undefined; fileEncoding = 9; includeInIndex = 0; lastKnownFileType = unknown; name = Entypo.ttf; path = "../node_modules/react-native-vector-icons/Fonts/Entypo.ttf"; sourceTree = "<group>"; };
		3F291F55A30940F5B0000381 /* Octicons.ttf */ = {isa = PBXFileReference; explicitFileType = undefined; fileEncoding = 9; includeInIndex = 0; lastKnownFileType = unknown; name = Octicons.ttf; path = "../node_modules/react-native-vector-icons/Fonts/Octicons.ttf"; sourceTree = "<group>"; };
		413AE3688C7C4B12927FFC4F /* FontAwesome.ttf */ = {isa = PBXFileReference; explicitFileType = undefined; fileEncoding = 9; includeInIndex = 0; lastKnownFileType = unknown; name = FontAwesome.ttf; path = "../node_modules/react-native-vector-icons/Fonts/FontAwesome.ttf"; sourceTree = "<group>"; };
		4AD6C34433AE4079AC7E2D49 /* AntDesign.ttf */ = {isa = PBXFileReference; explicitFileType = undefined; fileEncoding = 9; includeInIndex = 0; lastKnownFileType = unknown; name = AntDesign.ttf; path = "../node_modules/react-native-vector-icons/Fonts/AntDesign.ttf"; sourceTree = "<group>"; };
		64E07546DE824ED0A6FDFD90 /* MaterialCommunityIcons.ttf */ = {isa = PBXFileReference; explicitFileType = undefined; fileEncoding = 9; includeInIndex = 0; lastKnownFileType = unknown; name = MaterialCommunityIcons.ttf; path = "../node_modules/react-native-vector-icons/Fonts/MaterialCommunityIcons.ttf"; sourceTree = "<group>"; };
		9F5C2401EEA9EA9B212B260D /* Pods-Laskux.release.xcconfig */ = {isa = PBXFileReference; includeInIndex = 1; lastKnownFileType = text.xcconfig; name = "Pods-Laskux.release.xcconfig"; path = "Target Support Files/Pods-Laskux/Pods-Laskux.release.xcconfig"; sourceTree = "<group>"; };
		B9B29A0563AF454C9992A9A5 /* EvilIcons.ttf */ = {isa = PBXFileReference; explicitFileType = undefined; fileEncoding = 9; includeInIndex = 0; lastKnownFileType = unknown; name = EvilIcons.ttf; path = "../node_modules/react-native-vector-icons/Fonts/EvilIcons.ttf"; sourceTree = "<group>"; };
		D721B50024D2433E00C15918 /* Base */ = {isa = PBXFileReference; lastKnownFileType = file.xib; name = Base; path = Laskux/Base.lproj/LaunchScreen.xib; sourceTree = "<group>"; };
		D721B50224D2442A00C15918 /* OpenSans-Bold.ttf */ = {isa = PBXFileReference; lastKnownFileType = file; name = "OpenSans-Bold.ttf"; path = "../src/assets/fonts/OpenSans-Bold.ttf"; sourceTree = "<group>"; };
		D721B50324D2442A00C15918 /* OpenSans-Regular.ttf */ = {isa = PBXFileReference; lastKnownFileType = file; name = "OpenSans-Regular.ttf"; path = "../src/assets/fonts/OpenSans-Regular.ttf"; sourceTree = "<group>"; };
		D721B50424D2442A00C15918 /* Barlow-Bold.ttf */ = {isa = PBXFileReference; lastKnownFileType = file; name = "Barlow-Bold.ttf"; path = "../src/assets/fonts/Barlow-Bold.ttf"; sourceTree = "<group>"; };
		D721B50524D2442A00C15918 /* OpenSans-SemiBold.ttf */ = {isa = PBXFileReference; lastKnownFileType = file; name = "OpenSans-SemiBold.ttf"; path = "../src/assets/fonts/OpenSans-SemiBold.ttf"; sourceTree = "<group>"; };
		D721B50624D2442A00C15918 /* Montserrat-SemiBold.ttf */ = {isa = PBXFileReference; lastKnownFileType = file; name = "Montserrat-SemiBold.ttf"; path = "../src/assets/fonts/Montserrat-SemiBold.ttf"; sourceTree = "<group>"; };
		D721B50724D2442B00C15918 /* Montserrat-Regular.ttf */ = {isa = PBXFileReference; lastKnownFileType = file; name = "Montserrat-Regular.ttf"; path = "../src/assets/fonts/Montserrat-Regular.ttf"; sourceTree = "<group>"; };
		D721B50824D2442B00C15918 /* Montserrat-Bold.ttf */ = {isa = PBXFileReference; lastKnownFileType = file; name = "Montserrat-Bold.ttf"; path = "../src/assets/fonts/Montserrat-Bold.ttf"; sourceTree = "<group>"; };
		D72318B324D2A5100041BA03 /* GoogleService-Info.plist */ = {isa = PBXFileReference; fileEncoding = 4; lastKnownFileType = text.plist.xml; name = "GoogleService-Info.plist"; path = "Laskux/GoogleService-Info.plist"; sourceTree = "<group>"; };
		E182206F4FD748DB9EC87319 /* Zocial.ttf */ = {isa = PBXFileReference; explicitFileType = undefined; fileEncoding = 9; includeInIndex = 0; lastKnownFileType = unknown; name = Zocial.ttf; path = "../node_modules/react-native-vector-icons/Fonts/Zocial.ttf"; sourceTree = "<group>"; };
		E908406D095345C3863DABFC /* Foundation.ttf */ = {isa = PBXFileReference; explicitFileType = undefined; fileEncoding = 9; includeInIndex = 0; lastKnownFileType = unknown; name = Foundation.ttf; path = "../node_modules/react-native-vector-icons/Fonts/Foundation.ttf"; sourceTree = "<group>"; };
		ED297162215061F000B7C4FE /* JavaScriptCore.framework */ = {isa = PBXFileReference; lastKnownFileType = wrapper.framework; name = JavaScriptCore.framework; path = System/Library/Frameworks/JavaScriptCore.framework; sourceTree = SDKROOT; };
		ED2971642150620600B7C4FE /* JavaScriptCore.framework */ = {isa = PBXFileReference; lastKnownFileType = wrapper.framework; name = JavaScriptCore.framework; path = Platforms/AppleTVOS.platform/Developer/SDKs/AppleTVOS12.0.sdk/System/Library/Frameworks/JavaScriptCore.framework; sourceTree = DEVELOPER_DIR; };
		F27905E7B4D9EAA4271E3D01 /* Pods-Laskux.debug.xcconfig */ = {isa = PBXFileReference; includeInIndex = 1; lastKnownFileType = text.xcconfig; name = "Pods-Laskux.debug.xcconfig"; path = "Target Support Files/Pods-Laskux/Pods-Laskux.debug.xcconfig"; sourceTree = "<group>"; };
		F6036EC2552E4DF2A83AA01A /* Ionicons.ttf */ = {isa = PBXFileReference; explicitFileType = undefined; fileEncoding = 9; includeInIndex = 0; lastKnownFileType = unknown; name = Ionicons.ttf; path = "../node_modules/react-native-vector-icons/Fonts/Ionicons.ttf"; sourceTree = "<group>"; };
		FBC73F3EE61C491695576BEE /* MaterialIcons.ttf */ = {isa = PBXFileReference; explicitFileType = undefined; fileEncoding = 9; includeInIndex = 0; lastKnownFileType = unknown; name = MaterialIcons.ttf; path = "../node_modules/react-native-vector-icons/Fonts/MaterialIcons.ttf"; sourceTree = "<group>"; };
/* End PBXFileReference section */

/* Begin PBXFrameworksBuildPhase section */
		13B07F8C1A680F5B00A75B9A /* Frameworks */ = {
			isa = PBXFrameworksBuildPhase;
			buildActionMask = 2147483647;
			files = (
				DC7E37660CC4A37B0F462DAB /* libPods-Laskux.a in Frameworks */,
			);
			runOnlyForDeploymentPostprocessing = 0;
		};
/* End PBXFrameworksBuildPhase section */

/* Begin PBXGroup section */
		00E356EF1AD99517003FC87E /* LaskuxTests */ = {
			isa = PBXGroup;
			children = (
				00E356F21AD99517003FC87E /* LaskuxTests.m */,
				00E356F01AD99517003FC87E /* Supporting Files */,
			);
			path = LaskuxTests;
			sourceTree = "<group>";
		};
		00E356F01AD99517003FC87E /* Supporting Files */ = {
			isa = PBXGroup;
			children = (
				00E356F11AD99517003FC87E /* Info.plist */,
			);
			name = "Supporting Files";
			sourceTree = "<group>";
		};
		064FF8341574C73D5A285FCD /* Pods */ = {
			isa = PBXGroup;
			children = (
				F27905E7B4D9EAA4271E3D01 /* Pods-Laskux.debug.xcconfig */,
				9F5C2401EEA9EA9B212B260D /* Pods-Laskux.release.xcconfig */,
			);
			path = Pods;
			sourceTree = "<group>";
		};
		13B07FAE1A68108700A75B9A /* Laskux */ = {
			isa = PBXGroup;
			children = (
				D72318B324D2A5100041BA03 /* GoogleService-Info.plist */,
				008F07F21AC5B25A0029DE68 /* main.jsbundle */,
				13B07FAF1A68108700A75B9A /* AppDelegate.h */,
				13B07FB01A68108700A75B9A /* AppDelegate.m */,
				13B07FB51A68108700A75B9A /* Images.xcassets */,
				13B07FB61A68108700A75B9A /* Info.plist */,
				D721B4FF24D2433E00C15918 /* LaunchScreen.xib */,
				13B07FB71A68108700A75B9A /* main.m */,
			);
			name = Laskux;
			sourceTree = "<group>";
		};
		16036D8265894432AEB7B825 /* Resources */ = {
			isa = PBXGroup;
			children = (
				4AD6C34433AE4079AC7E2D49 /* AntDesign.ttf */,
				D721B50424D2442A00C15918 /* Barlow-Bold.ttf */,
				3E0DE80405104031ABCD72A4 /* Entypo.ttf */,
				B9B29A0563AF454C9992A9A5 /* EvilIcons.ttf */,
				33DB393863AD4DF08EBBA6F8 /* Feather.ttf */,
				413AE3688C7C4B12927FFC4F /* FontAwesome.ttf */,
				24E73D61A934418B8F9829D3 /* FontAwesome5_Brands.ttf */,
				0502824FB2F1463BA3E243A9 /* FontAwesome5_Regular.ttf */,
				0BDDC80D065A40B692EEE455 /* FontAwesome5_Solid.ttf */,
				208029179D2A4415A2CA0FAE /* Fontisto.ttf */,
				E908406D095345C3863DABFC /* Foundation.ttf */,
				F6036EC2552E4DF2A83AA01A /* Ionicons.ttf */,
				64E07546DE824ED0A6FDFD90 /* MaterialCommunityIcons.ttf */,
				FBC73F3EE61C491695576BEE /* MaterialIcons.ttf */,
				D721B50824D2442B00C15918 /* Montserrat-Bold.ttf */,
				D721B50724D2442B00C15918 /* Montserrat-Regular.ttf */,
				D721B50624D2442A00C15918 /* Montserrat-SemiBold.ttf */,
				3F291F55A30940F5B0000381 /* Octicons.ttf */,
				D721B50224D2442A00C15918 /* OpenSans-Bold.ttf */,
				D721B50324D2442A00C15918 /* OpenSans-Regular.ttf */,
				D721B50524D2442A00C15918 /* OpenSans-SemiBold.ttf */,
				0C59CAF46F4D40479861EB9C /* SimpleLineIcons.ttf */,
				E182206F4FD748DB9EC87319 /* Zocial.ttf */,
			);
			name = Resources;
			sourceTree = "<group>";
		};
		2D16E6871FA4F8E400B85C8A /* Frameworks */ = {
			isa = PBXGroup;
			children = (
				ED297162215061F000B7C4FE /* JavaScriptCore.framework */,
				ED2971642150620600B7C4FE /* JavaScriptCore.framework */,
				08C33C792E05A303FDF0B1A2 /* libPods-Laskux.a */,
			);
			name = Frameworks;
			sourceTree = "<group>";
		};
		832341AE1AAA6A7D00B99B32 /* Libraries */ = {
			isa = PBXGroup;
			children = (
			);
			name = Libraries;
			sourceTree = "<group>";
		};
		83CBB9F61A601CBA00E9B192 = {
			isa = PBXGroup;
			children = (
				13B07FAE1A68108700A75B9A /* Laskux */,
				832341AE1AAA6A7D00B99B32 /* Libraries */,
				00E356EF1AD99517003FC87E /* LaskuxTests */,
				83CBBA001A601CBA00E9B192 /* Products */,
				2D16E6871FA4F8E400B85C8A /* Frameworks */,
				064FF8341574C73D5A285FCD /* Pods */,
				16036D8265894432AEB7B825 /* Resources */,
			);
			indentWidth = 2;
			sourceTree = "<group>";
			tabWidth = 2;
			usesTabs = 0;
		};
		83CBBA001A601CBA00E9B192 /* Products */ = {
			isa = PBXGroup;
			children = (
				13B07F961A680F5B00A75B9A /* Laskux.app */,
			);
			name = Products;
			sourceTree = "<group>";
		};
/* End PBXGroup section */

/* Begin PBXNativeTarget section */
		13B07F861A680F5B00A75B9A /* Laskux */ = {
			isa = PBXNativeTarget;
			buildConfigurationList = 13B07F931A680F5B00A75B9A /* Build configuration list for PBXNativeTarget "Laskux" */;
			buildPhases = (
				3198F85FAE272DDB7AA993E7 /* [CP] Check Pods Manifest.lock */,
				FD10A7F022414F080027D42C /* Start Packager */,
				13B07F871A680F5B00A75B9A /* Sources */,
				13B07F8C1A680F5B00A75B9A /* Frameworks */,
				13B07F8E1A680F5B00A75B9A /* Resources */,
				00DD1BFF1BD5951E006B06BC /* Bundle React Native code and images */,
				BEACAA016D6D741F7D3423D5 /* [CP] Copy Pods Resources */,
			);
			buildRules = (
			);
			dependencies = (
			);
			name = Laskux;
			productName = Laskux;
			productReference = 13B07F961A680F5B00A75B9A /* Laskux.app */;
			productType = "com.apple.product-type.application";
		};
/* End PBXNativeTarget section */

/* Begin PBXProject section */
		83CBB9F71A601CBA00E9B192 /* Project object */ = {
			isa = PBXProject;
			attributes = {
				LastUpgradeCheck = 1130;
				TargetAttributes = {
					13B07F861A680F5B00A75B9A = {
						DevelopmentTeam = 7M4328S275;
						LastSwiftMigration = 1120;
					};
				};
			};
			buildConfigurationList = 83CBB9FA1A601CBA00E9B192 /* Build configuration list for PBXProject "Laskux" */;
			compatibilityVersion = "Xcode 3.2";
			developmentRegion = en;
			hasScannedForEncodings = 0;
			knownRegions = (
				en,
				Base,
			);
			mainGroup = 83CBB9F61A601CBA00E9B192;
			productRefGroup = 83CBBA001A601CBA00E9B192 /* Products */;
			projectDirPath = "";
			projectRoot = "";
			targets = (
				13B07F861A680F5B00A75B9A /* Laskux */,
			);
		};
/* End PBXProject section */

/* Begin PBXResourcesBuildPhase section */
		13B07F8E1A680F5B00A75B9A /* Resources */ = {
			isa = PBXResourcesBuildPhase;
			buildActionMask = 2147483647;
			files = (
				D721B50924D2442B00C15918 /* OpenSans-Bold.ttf in Resources */,
				D721B50A24D2442B00C15918 /* OpenSans-Regular.ttf in Resources */,
				D721B50B24D2442B00C15918 /* Barlow-Bold.ttf in Resources */,
				D721B50C24D2442B00C15918 /* OpenSans-SemiBold.ttf in Resources */,
				D721B50D24D2442B00C15918 /* Montserrat-SemiBold.ttf in Resources */,
				D721B50E24D2442B00C15918 /* Montserrat-Regular.ttf in Resources */,
				D721B50F24D2442B00C15918 /* Montserrat-Bold.ttf in Resources */,
				D72318B424D2A5100041BA03 /* GoogleService-Info.plist in Resources */,
				D721B50124D2433E00C15918 /* LaunchScreen.xib in Resources */,
				13B07FBF1A68108700A75B9A /* Images.xcassets in Resources */,
			);
			runOnlyForDeploymentPostprocessing = 0;
		};
/* End PBXResourcesBuildPhase section */

/* Begin PBXShellScriptBuildPhase section */
		00DD1BFF1BD5951E006B06BC /* Bundle React Native code and images */ = {
			isa = PBXShellScriptBuildPhase;
			buildActionMask = 2147483647;
			files = (
			);
			inputPaths = (
			);
			name = "Bundle React Native code and images";
			outputPaths = (
			);
			runOnlyForDeploymentPostprocessing = 0;
			shellPath = /bin/sh;
			shellScript = "export NODE_BINARY=node\n../node_modules/react-native/scripts/react-native-xcode.sh\n";
		};
		3198F85FAE272DDB7AA993E7 /* [CP] Check Pods Manifest.lock */ = {
			isa = PBXShellScriptBuildPhase;
			buildActionMask = 2147483647;
			files = (
			);
			inputFileListPaths = (
			);
			inputPaths = (
				"${PODS_PODFILE_DIR_PATH}/Podfile.lock",
				"${PODS_ROOT}/Manifest.lock",
			);
			name = "[CP] Check Pods Manifest.lock";
			outputFileListPaths = (
			);
			outputPaths = (
				"$(DERIVED_FILE_DIR)/Pods-Laskux-checkManifestLockResult.txt",
			);
			runOnlyForDeploymentPostprocessing = 0;
			shellPath = /bin/sh;
			shellScript = "diff \"${PODS_PODFILE_DIR_PATH}/Podfile.lock\" \"${PODS_ROOT}/Manifest.lock\" > /dev/null\nif [ $? != 0 ] ; then\n    # print error to STDERR\n    echo \"error: The sandbox is not in sync with the Podfile.lock. Run 'pod install' or update your CocoaPods installation.\" >&2\n    exit 1\nfi\n# This output is used by Xcode 'outputs' to avoid re-running this script phase.\necho \"SUCCESS\" > \"${SCRIPT_OUTPUT_FILE_0}\"\n";
			showEnvVarsInLog = 0;
		};
		BEACAA016D6D741F7D3423D5 /* [CP] Copy Pods Resources */ = {
			isa = PBXShellScriptBuildPhase;
			buildActionMask = 2147483647;
			files = (
			);
			inputPaths = (
				"${PODS_ROOT}/Target Support Files/Pods-Laskux/Pods-Laskux-resources.sh",
				"${PODS_CONFIGURATION_BUILD_DIR}/RNImageCropPicker/QBImagePicker.bundle",
				"${PODS_ROOT}/../../node_modules/react-native-vector-icons/Fonts/AntDesign.ttf",
				"${PODS_ROOT}/../../node_modules/react-native-vector-icons/Fonts/Entypo.ttf",
				"${PODS_ROOT}/../../node_modules/react-native-vector-icons/Fonts/EvilIcons.ttf",
				"${PODS_ROOT}/../../node_modules/react-native-vector-icons/Fonts/Feather.ttf",
				"${PODS_ROOT}/../../node_modules/react-native-vector-icons/Fonts/FontAwesome.ttf",
				"${PODS_ROOT}/../../node_modules/react-native-vector-icons/Fonts/FontAwesome5_Brands.ttf",
				"${PODS_ROOT}/../../node_modules/react-native-vector-icons/Fonts/FontAwesome5_Regular.ttf",
				"${PODS_ROOT}/../../node_modules/react-native-vector-icons/Fonts/FontAwesome5_Solid.ttf",
				"${PODS_ROOT}/../../node_modules/react-native-vector-icons/Fonts/Fontisto.ttf",
				"${PODS_ROOT}/../../node_modules/react-native-vector-icons/Fonts/Foundation.ttf",
				"${PODS_ROOT}/../../node_modules/react-native-vector-icons/Fonts/Ionicons.ttf",
				"${PODS_ROOT}/../../node_modules/react-native-vector-icons/Fonts/MaterialCommunityIcons.ttf",
				"${PODS_ROOT}/../../node_modules/react-native-vector-icons/Fonts/MaterialIcons.ttf",
				"${PODS_ROOT}/../../node_modules/react-native-vector-icons/Fonts/Octicons.ttf",
				"${PODS_ROOT}/../../node_modules/react-native-vector-icons/Fonts/SimpleLineIcons.ttf",
				"${PODS_ROOT}/../../node_modules/react-native-vector-icons/Fonts/Zocial.ttf",
				"${PODS_CONFIGURATION_BUILD_DIR}/React-Core/AccessibilityResources.bundle",
				"${PODS_CONFIGURATION_BUILD_DIR}/TOCropViewController/TOCropViewControllerBundle.bundle",
			);
			name = "[CP] Copy Pods Resources";
			outputPaths = (
				"${TARGET_BUILD_DIR}/${UNLOCALIZED_RESOURCES_FOLDER_PATH}/QBImagePicker.bundle",
				"${TARGET_BUILD_DIR}/${UNLOCALIZED_RESOURCES_FOLDER_PATH}/AntDesign.ttf",
				"${TARGET_BUILD_DIR}/${UNLOCALIZED_RESOURCES_FOLDER_PATH}/Entypo.ttf",
				"${TARGET_BUILD_DIR}/${UNLOCALIZED_RESOURCES_FOLDER_PATH}/EvilIcons.ttf",
				"${TARGET_BUILD_DIR}/${UNLOCALIZED_RESOURCES_FOLDER_PATH}/Feather.ttf",
				"${TARGET_BUILD_DIR}/${UNLOCALIZED_RESOURCES_FOLDER_PATH}/FontAwesome.ttf",
				"${TARGET_BUILD_DIR}/${UNLOCALIZED_RESOURCES_FOLDER_PATH}/FontAwesome5_Brands.ttf",
				"${TARGET_BUILD_DIR}/${UNLOCALIZED_RESOURCES_FOLDER_PATH}/FontAwesome5_Regular.ttf",
				"${TARGET_BUILD_DIR}/${UNLOCALIZED_RESOURCES_FOLDER_PATH}/FontAwesome5_Solid.ttf",
				"${TARGET_BUILD_DIR}/${UNLOCALIZED_RESOURCES_FOLDER_PATH}/Fontisto.ttf",
				"${TARGET_BUILD_DIR}/${UNLOCALIZED_RESOURCES_FOLDER_PATH}/Foundation.ttf",
				"${TARGET_BUILD_DIR}/${UNLOCALIZED_RESOURCES_FOLDER_PATH}/Ionicons.ttf",
				"${TARGET_BUILD_DIR}/${UNLOCALIZED_RESOURCES_FOLDER_PATH}/MaterialCommunityIcons.ttf",
				"${TARGET_BUILD_DIR}/${UNLOCALIZED_RESOURCES_FOLDER_PATH}/MaterialIcons.ttf",
				"${TARGET_BUILD_DIR}/${UNLOCALIZED_RESOURCES_FOLDER_PATH}/Octicons.ttf",
				"${TARGET_BUILD_DIR}/${UNLOCALIZED_RESOURCES_FOLDER_PATH}/SimpleLineIcons.ttf",
				"${TARGET_BUILD_DIR}/${UNLOCALIZED_RESOURCES_FOLDER_PATH}/Zocial.ttf",
				"${TARGET_BUILD_DIR}/${UNLOCALIZED_RESOURCES_FOLDER_PATH}/AccessibilityResources.bundle",
				"${TARGET_BUILD_DIR}/${UNLOCALIZED_RESOURCES_FOLDER_PATH}/TOCropViewControllerBundle.bundle",
			);
			runOnlyForDeploymentPostprocessing = 0;
			shellPath = /bin/sh;
			shellScript = "\"${PODS_ROOT}/Target Support Files/Pods-Laskux/Pods-Laskux-resources.sh\"\n";
			showEnvVarsInLog = 0;
		};
		FD10A7F022414F080027D42C /* Start Packager */ = {
			isa = PBXShellScriptBuildPhase;
			buildActionMask = 2147483647;
			files = (
			);
			inputFileListPaths = (
			);
			inputPaths = (
			);
			name = "Start Packager";
			outputFileListPaths = (
			);
			outputPaths = (
			);
			runOnlyForDeploymentPostprocessing = 0;
			shellPath = /bin/sh;
			shellScript = "export RCT_METRO_PORT=\"${RCT_METRO_PORT:=8081}\"\necho \"export RCT_METRO_PORT=${RCT_METRO_PORT}\" > \"${SRCROOT}/../node_modules/react-native/scripts/.packager.env\"\nif [ -z \"${RCT_NO_LAUNCH_PACKAGER+xxx}\" ] ; then\n  if nc -w 5 -z localhost ${RCT_METRO_PORT} ; then\n    if ! curl -s \"http://localhost:${RCT_METRO_PORT}/status\" | grep -q \"packager-status:running\" ; then\n      echo \"Port ${RCT_METRO_PORT} already in use, packager is either not running or not running correctly\"\n      exit 2\n    fi\n  else\n    open \"$SRCROOT/../node_modules/react-native/scripts/launchPackager.command\" || echo \"Can't start packager automatically\"\n  fi\nfi\n";
			showEnvVarsInLog = 0;
		};
/* End PBXShellScriptBuildPhase section */

/* Begin PBXSourcesBuildPhase section */
		13B07F871A680F5B00A75B9A /* Sources */ = {
			isa = PBXSourcesBuildPhase;
			buildActionMask = 2147483647;
			files = (
				13B07FBC1A68108700A75B9A /* AppDelegate.m in Sources */,
				13B07FC11A68108700A75B9A /* main.m in Sources */,
			);
			runOnlyForDeploymentPostprocessing = 0;
		};
/* End PBXSourcesBuildPhase section */

/* Begin PBXVariantGroup section */
		D721B4FF24D2433E00C15918 /* LaunchScreen.xib */ = {
			isa = PBXVariantGroup;
			children = (
				D721B50024D2433E00C15918 /* Base */,
			);
			name = LaunchScreen.xib;
			sourceTree = "<group>";
		};
/* End PBXVariantGroup section */

/* Begin XCBuildConfiguration section */
		13B07F941A680F5B00A75B9A /* Debug */ = {
			isa = XCBuildConfiguration;
			baseConfigurationReference = F27905E7B4D9EAA4271E3D01 /* Pods-Laskux.debug.xcconfig */;
			buildSettings = {
				ASSETCATALOG_COMPILER_APPICON_NAME = AppIcon;
				CLANG_ENABLE_MODULES = YES;
				CURRENT_PROJECT_VERSION = 1;
				DEVELOPMENT_TEAM = 7M4328S275;
				ENABLE_BITCODE = NO;
				HEADER_SEARCH_PATHS = (
					"$(inherited)",
					"\"${PODS_ROOT}/Headers/Public\"",
					"\"${PODS_ROOT}/Headers/Public/BVLinearGradient\"",
					"\"${PODS_ROOT}/Headers/Public/CocoaAsyncSocket\"",
					"\"${PODS_ROOT}/Headers/Public/CocoaLibEvent\"",
					"\"${PODS_ROOT}/Headers/Public/DoubleConversion\"",
					"\"${PODS_ROOT}/Headers/Public/FBLazyVector\"",
					"\"${PODS_ROOT}/Headers/Public/FBReactNativeSpec\"",
					"\"${PODS_ROOT}/Headers/Public/Firebase\"",
					"\"${PODS_ROOT}/Headers/Public/FirebaseCore\"",
					"\"${PODS_ROOT}/Headers/Public/FirebaseCoreDiagnostics\"",
					"\"${PODS_ROOT}/Headers/Public/FirebaseInstallations\"",
					"\"${PODS_ROOT}/Headers/Public/Flipper\"",
					"\"${PODS_ROOT}/Headers/Public/Flipper-DoubleConversion\"",
					"\"${PODS_ROOT}/Headers/Public/Flipper-Folly\"",
					"\"${PODS_ROOT}/Headers/Public/Flipper-Glog\"",
					"\"${PODS_ROOT}/Headers/Public/Flipper-PeerTalk\"",
					"\"${PODS_ROOT}/Headers/Public/Flipper-RSocket\"",
					"\"${PODS_ROOT}/Headers/Public/FlipperKit\"",
					"\"${PODS_ROOT}/Headers/Public/GoogleDataTransport\"",
					"\"${PODS_ROOT}/Headers/Public/GoogleUtilities\"",
					"\"${PODS_ROOT}/Headers/Public/OpenSSL-Universal\"",
					"\"${PODS_ROOT}/Headers/Public/PromisesObjC\"",
					"\"${PODS_ROOT}/Headers/Public/RCTRequired\"",
					"\"${PODS_ROOT}/Headers/Public/RCTTypeSafety\"",
					"\"${PODS_ROOT}/Headers/Public/RNCAsyncStorage\"",
					"\"${PODS_ROOT}/Headers/Public/RNCMaskedView\"",
					"\"${PODS_ROOT}/Headers/Public/RNDateTimePicker\"",
					"\"${PODS_ROOT}/Headers/Public/RNDeviceInfo\"",
					"\"${PODS_ROOT}/Headers/Public/RNFS\"",
					"\"${PODS_ROOT}/Headers/Public/RNFileViewer\"",
					"\"${PODS_ROOT}/Headers/Public/RNGestureHandler\"",
					"\"${PODS_ROOT}/Headers/Public/RNImageCropPicker\"",
					"\"${PODS_ROOT}/Headers/Public/RNLocalize\"",
					"\"${PODS_ROOT}/Headers/Public/RNReanimated\"",
					"\"${PODS_ROOT}/Headers/Public/RNSVG\"",
					"\"${PODS_ROOT}/Headers/Public/RNScreens\"",
					"\"${PODS_ROOT}/Headers/Public/RNVectorIcons\"",
					"\"${PODS_ROOT}/Headers/Public/React-Core\"",
					"\"${PODS_ROOT}/Headers/Public/React-RCTText\"",
					"\"${PODS_ROOT}/Headers/Public/React-callinvoker\"",
					"\"${PODS_ROOT}/Headers/Public/React-cxxreact\"",
					"\"${PODS_ROOT}/Headers/Public/React-jsi\"",
					"\"${PODS_ROOT}/Headers/Public/React-jsiexecutor\"",
					"\"${PODS_ROOT}/Headers/Public/React-jsinspector\"",
					"\"${PODS_ROOT}/Headers/Public/ReactCommon\"",
					"\"${PODS_ROOT}/Headers/Public/ReactNativeLocalization\"",
					"\"${PODS_ROOT}/Headers/Public/TOCropViewController\"",
					"\"${PODS_ROOT}/Headers/Public/Yoga\"",
					"\"${PODS_ROOT}/Headers/Public/YogaKit\"",
					"\"${PODS_ROOT}/Headers/Public/glog\"",
					"\"${PODS_ROOT}/Headers/Public/nanopb\"",
					"\"${PODS_ROOT}/Headers/Public/react-native-config\"",
					"\"${PODS_ROOT}/Headers/Public/react-native-pdf\"",
					"\"${PODS_ROOT}/Headers/Public/react-native-progress-view\"",
					"\"${PODS_ROOT}/Headers/Public/react-native-safe-area-context\"",
					"\"${PODS_ROOT}/Headers/Public/react-native-splash-screen\"",
					"\"${PODS_ROOT}/Headers/Public/rn-fetch-blob\"",
					"$(inherited)",
					"${PODS_ROOT}/Firebase/CoreOnly/Sources",
					"\"${PODS_TARGET_SRCROOT}/Sources/FBLPromises/include\"",
					"\"$(PODS_ROOT)/Headers/Private/React-Core\"",
					"$(SRCROOT)/../node_modules/react-native-splash-screen/ios",
					"$(SRCROOT)/../node_modules/react-native/React",
				);
				"HEADER_SEARCH_PATHS[arch=*]" = (
					"$(inherited)",
					"\"${PODS_ROOT}/Headers/Public\"",
					"\"${PODS_ROOT}/Headers/Public/BVLinearGradient\"",
					"\"${PODS_ROOT}/Headers/Public/CocoaAsyncSocket\"",
					"\"${PODS_ROOT}/Headers/Public/CocoaLibEvent\"",
					"\"${PODS_ROOT}/Headers/Public/DoubleConversion\"",
					"\"${PODS_ROOT}/Headers/Public/FBLazyVector\"",
					"\"${PODS_ROOT}/Headers/Public/FBReactNativeSpec\"",
					"\"${PODS_ROOT}/Headers/Public/Firebase\"",
					"\"${PODS_ROOT}/Headers/Public/FirebaseCore\"",
					"\"${PODS_ROOT}/Headers/Public/FirebaseCoreDiagnostics\"",
					"\"${PODS_ROOT}/Headers/Public/FirebaseInstallations\"",
					"\"${PODS_ROOT}/Headers/Public/Flipper\"",
					"\"${PODS_ROOT}/Headers/Public/Flipper-DoubleConversion\"",
					"\"${PODS_ROOT}/Headers/Public/Flipper-Folly\"",
					"\"${PODS_ROOT}/Headers/Public/Flipper-Glog\"",
					"\"${PODS_ROOT}/Headers/Public/Flipper-PeerTalk\"",
					"\"${PODS_ROOT}/Headers/Public/Flipper-RSocket\"",
					"\"${PODS_ROOT}/Headers/Public/FlipperKit\"",
					"\"${PODS_ROOT}/Headers/Public/GoogleDataTransport\"",
					"\"${PODS_ROOT}/Headers/Public/GoogleUtilities\"",
					"\"${PODS_ROOT}/Headers/Public/OpenSSL-Universal\"",
					"\"${PODS_ROOT}/Headers/Public/PromisesObjC\"",
					"\"${PODS_ROOT}/Headers/Public/RCTRequired\"",
					"\"${PODS_ROOT}/Headers/Public/RCTTypeSafety\"",
					"\"${PODS_ROOT}/Headers/Public/RNCAsyncStorage\"",
					"\"${PODS_ROOT}/Headers/Public/RNCMaskedView\"",
					"\"${PODS_ROOT}/Headers/Public/RNDateTimePicker\"",
					"\"${PODS_ROOT}/Headers/Public/RNDeviceInfo\"",
					"\"${PODS_ROOT}/Headers/Public/RNFS\"",
					"\"${PODS_ROOT}/Headers/Public/RNFileViewer\"",
					"\"${PODS_ROOT}/Headers/Public/RNGestureHandler\"",
					"\"${PODS_ROOT}/Headers/Public/RNImageCropPicker\"",
					"\"${PODS_ROOT}/Headers/Public/RNLocalize\"",
					"\"${PODS_ROOT}/Headers/Public/RNReanimated\"",
					"\"${PODS_ROOT}/Headers/Public/RNSVG\"",
					"\"${PODS_ROOT}/Headers/Public/RNScreens\"",
					"\"${PODS_ROOT}/Headers/Public/RNVectorIcons\"",
					"\"${PODS_ROOT}/Headers/Public/React-Core\"",
					"\"${PODS_ROOT}/Headers/Public/React-RCTText\"",
					"\"${PODS_ROOT}/Headers/Public/React-callinvoker\"",
					"\"${PODS_ROOT}/Headers/Public/React-cxxreact\"",
					"\"${PODS_ROOT}/Headers/Public/React-jsi\"",
					"\"${PODS_ROOT}/Headers/Public/React-jsiexecutor\"",
					"\"${PODS_ROOT}/Headers/Public/React-jsinspector\"",
					"\"${PODS_ROOT}/Headers/Public/ReactCommon\"",
					"\"${PODS_ROOT}/Headers/Public/ReactNativeLocalization\"",
					"\"${PODS_ROOT}/Headers/Public/TOCropViewController\"",
					"\"${PODS_ROOT}/Headers/Public/Yoga\"",
					"\"${PODS_ROOT}/Headers/Public/YogaKit\"",
					"\"${PODS_ROOT}/Headers/Public/glog\"",
					"\"${PODS_ROOT}/Headers/Public/nanopb\"",
					"\"${PODS_ROOT}/Headers/Public/react-native-config\"",
					"\"${PODS_ROOT}/Headers/Public/react-native-pdf\"",
					"\"${PODS_ROOT}/Headers/Public/react-native-progress-view\"",
					"\"${PODS_ROOT}/Headers/Public/react-native-safe-area-context\"",
					"\"${PODS_ROOT}/Headers/Public/react-native-splash-screen\"",
					"\"${PODS_ROOT}/Headers/Public/rn-fetch-blob\"",
					"$(inherited)",
					"${PODS_ROOT}/Firebase/CoreOnly/Sources",
					"\"${PODS_TARGET_SRCROOT}/Sources/FBLPromises/include\"",
					"\"$(PODS_ROOT)/Headers/Private/React-Core\"",
					"$(SRCROOT)/../node_modules/react-native-splash-screen/ios",
					"$(SRCROOT)/../node_modules/react-native/React",
					"$(SRCROOT)/../node_modules/react-native-splash-screen/ios",
				);
				INFOPLIST_FILE = Laskux/Info.plist;
				LD_RUNPATH_SEARCH_PATHS = "$(inherited) @executable_path/Frameworks";
				MARKETING_VERSION = 1.1.44;
				OTHER_LDFLAGS = (
					"$(inherited)",
					"-ObjC",
					"-lc++",
				);
				PRODUCT_BUNDLE_IDENTIFIER = fi.laskux.mobile;
				PRODUCT_NAME = Laskux;
				SWIFT_OPTIMIZATION_LEVEL = "-Onone";
				SWIFT_VERSION = 5.0;
				"SYSTEM_HEADER_SEARCH_PATHS[arch=*]" = "$(SRCROOT)/../node_modules/react-native-splash-screen/ios";
				TARGETED_DEVICE_FAMILY = "1,2";
				VERSIONING_SYSTEM = "apple-generic";
			};
			name = Debug;
		};
		13B07F951A680F5B00A75B9A /* Release */ = {
			isa = XCBuildConfiguration;
			baseConfigurationReference = 9F5C2401EEA9EA9B212B260D /* Pods-Laskux.release.xcconfig */;
			buildSettings = {
				ASSETCATALOG_COMPILER_APPICON_NAME = AppIcon;
				CLANG_ENABLE_MODULES = YES;
				CURRENT_PROJECT_VERSION = 1;
				DEVELOPMENT_TEAM = 7M4328S275;
				HEADER_SEARCH_PATHS = (
					"$(inherited)",
					"\"${PODS_ROOT}/Headers/Public\"",
					"\"${PODS_ROOT}/Headers/Public/BVLinearGradient\"",
					"\"${PODS_ROOT}/Headers/Public/CocoaAsyncSocket\"",
					"\"${PODS_ROOT}/Headers/Public/CocoaLibEvent\"",
					"\"${PODS_ROOT}/Headers/Public/DoubleConversion\"",
					"\"${PODS_ROOT}/Headers/Public/FBLazyVector\"",
					"\"${PODS_ROOT}/Headers/Public/FBReactNativeSpec\"",
					"\"${PODS_ROOT}/Headers/Public/Firebase\"",
					"\"${PODS_ROOT}/Headers/Public/FirebaseCore\"",
					"\"${PODS_ROOT}/Headers/Public/FirebaseCoreDiagnostics\"",
					"\"${PODS_ROOT}/Headers/Public/FirebaseInstallations\"",
					"\"${PODS_ROOT}/Headers/Public/Flipper\"",
					"\"${PODS_ROOT}/Headers/Public/Flipper-DoubleConversion\"",
					"\"${PODS_ROOT}/Headers/Public/Flipper-Folly\"",
					"\"${PODS_ROOT}/Headers/Public/Flipper-Glog\"",
					"\"${PODS_ROOT}/Headers/Public/Flipper-PeerTalk\"",
					"\"${PODS_ROOT}/Headers/Public/Flipper-RSocket\"",
					"\"${PODS_ROOT}/Headers/Public/FlipperKit\"",
					"\"${PODS_ROOT}/Headers/Public/GoogleDataTransport\"",
					"\"${PODS_ROOT}/Headers/Public/GoogleUtilities\"",
					"\"${PODS_ROOT}/Headers/Public/OpenSSL-Universal\"",
					"\"${PODS_ROOT}/Headers/Public/PromisesObjC\"",
					"\"${PODS_ROOT}/Headers/Public/RCTRequired\"",
					"\"${PODS_ROOT}/Headers/Public/RCTTypeSafety\"",
					"\"${PODS_ROOT}/Headers/Public/RNCAsyncStorage\"",
					"\"${PODS_ROOT}/Headers/Public/RNCMaskedView\"",
					"\"${PODS_ROOT}/Headers/Public/RNDateTimePicker\"",
					"\"${PODS_ROOT}/Headers/Public/RNDeviceInfo\"",
					"\"${PODS_ROOT}/Headers/Public/RNFS\"",
					"\"${PODS_ROOT}/Headers/Public/RNFileViewer\"",
					"\"${PODS_ROOT}/Headers/Public/RNGestureHandler\"",
					"\"${PODS_ROOT}/Headers/Public/RNImageCropPicker\"",
					"\"${PODS_ROOT}/Headers/Public/RNLocalize\"",
					"\"${PODS_ROOT}/Headers/Public/RNReanimated\"",
					"\"${PODS_ROOT}/Headers/Public/RNSVG\"",
					"\"${PODS_ROOT}/Headers/Public/RNScreens\"",
					"\"${PODS_ROOT}/Headers/Public/RNVectorIcons\"",
					"\"${PODS_ROOT}/Headers/Public/React-Core\"",
					"\"${PODS_ROOT}/Headers/Public/React-RCTText\"",
					"\"${PODS_ROOT}/Headers/Public/React-callinvoker\"",
					"\"${PODS_ROOT}/Headers/Public/React-cxxreact\"",
					"\"${PODS_ROOT}/Headers/Public/React-jsi\"",
					"\"${PODS_ROOT}/Headers/Public/React-jsiexecutor\"",
					"\"${PODS_ROOT}/Headers/Public/React-jsinspector\"",
					"\"${PODS_ROOT}/Headers/Public/ReactCommon\"",
					"\"${PODS_ROOT}/Headers/Public/ReactNativeLocalization\"",
					"\"${PODS_ROOT}/Headers/Public/TOCropViewController\"",
					"\"${PODS_ROOT}/Headers/Public/Yoga\"",
					"\"${PODS_ROOT}/Headers/Public/YogaKit\"",
					"\"${PODS_ROOT}/Headers/Public/glog\"",
					"\"${PODS_ROOT}/Headers/Public/nanopb\"",
					"\"${PODS_ROOT}/Headers/Public/react-native-config\"",
					"\"${PODS_ROOT}/Headers/Public/react-native-pdf\"",
					"\"${PODS_ROOT}/Headers/Public/react-native-progress-view\"",
					"\"${PODS_ROOT}/Headers/Public/react-native-safe-area-context\"",
					"\"${PODS_ROOT}/Headers/Public/react-native-splash-screen\"",
					"\"${PODS_ROOT}/Headers/Public/rn-fetch-blob\"",
					"$(inherited)",
					"${PODS_ROOT}/Firebase/CoreOnly/Sources",
					"\"${PODS_TARGET_SRCROOT}/Sources/FBLPromises/include\"",
					"\"$(PODS_ROOT)/Headers/Private/React-Core\"",
					"$(SRCROOT)/../node_modules/react-native-splash-screen/ios",
					"$(SRCROOT)/../node_modules/react-native/React",
				);
				"HEADER_SEARCH_PATHS[arch=*]" = (
					"$(inherited)",
					"\"${PODS_ROOT}/Headers/Public\"",
					"\"${PODS_ROOT}/Headers/Public/BVLinearGradient\"",
					"\"${PODS_ROOT}/Headers/Public/CocoaAsyncSocket\"",
					"\"${PODS_ROOT}/Headers/Public/CocoaLibEvent\"",
					"\"${PODS_ROOT}/Headers/Public/DoubleConversion\"",
					"\"${PODS_ROOT}/Headers/Public/FBLazyVector\"",
					"\"${PODS_ROOT}/Headers/Public/FBReactNativeSpec\"",
					"\"${PODS_ROOT}/Headers/Public/Firebase\"",
					"\"${PODS_ROOT}/Headers/Public/FirebaseCore\"",
					"\"${PODS_ROOT}/Headers/Public/FirebaseCoreDiagnostics\"",
					"\"${PODS_ROOT}/Headers/Public/FirebaseInstallations\"",
					"\"${PODS_ROOT}/Headers/Public/Flipper\"",
					"\"${PODS_ROOT}/Headers/Public/Flipper-DoubleConversion\"",
					"\"${PODS_ROOT}/Headers/Public/Flipper-Folly\"",
					"\"${PODS_ROOT}/Headers/Public/Flipper-Glog\"",
					"\"${PODS_ROOT}/Headers/Public/Flipper-PeerTalk\"",
					"\"${PODS_ROOT}/Headers/Public/Flipper-RSocket\"",
					"\"${PODS_ROOT}/Headers/Public/FlipperKit\"",
					"\"${PODS_ROOT}/Headers/Public/GoogleDataTransport\"",
					"\"${PODS_ROOT}/Headers/Public/GoogleUtilities\"",
					"\"${PODS_ROOT}/Headers/Public/OpenSSL-Universal\"",
					"\"${PODS_ROOT}/Headers/Public/PromisesObjC\"",
					"\"${PODS_ROOT}/Headers/Public/RCTRequired\"",
					"\"${PODS_ROOT}/Headers/Public/RCTTypeSafety\"",
					"\"${PODS_ROOT}/Headers/Public/RNCAsyncStorage\"",
					"\"${PODS_ROOT}/Headers/Public/RNCMaskedView\"",
					"\"${PODS_ROOT}/Headers/Public/RNDateTimePicker\"",
					"\"${PODS_ROOT}/Headers/Public/RNDeviceInfo\"",
					"\"${PODS_ROOT}/Headers/Public/RNFS\"",
					"\"${PODS_ROOT}/Headers/Public/RNFileViewer\"",
					"\"${PODS_ROOT}/Headers/Public/RNGestureHandler\"",
					"\"${PODS_ROOT}/Headers/Public/RNImageCropPicker\"",
					"\"${PODS_ROOT}/Headers/Public/RNLocalize\"",
					"\"${PODS_ROOT}/Headers/Public/RNReanimated\"",
					"\"${PODS_ROOT}/Headers/Public/RNSVG\"",
					"\"${PODS_ROOT}/Headers/Public/RNScreens\"",
					"\"${PODS_ROOT}/Headers/Public/RNVectorIcons\"",
					"\"${PODS_ROOT}/Headers/Public/React-Core\"",
					"\"${PODS_ROOT}/Headers/Public/React-RCTText\"",
					"\"${PODS_ROOT}/Headers/Public/React-callinvoker\"",
					"\"${PODS_ROOT}/Headers/Public/React-cxxreact\"",
					"\"${PODS_ROOT}/Headers/Public/React-jsi\"",
					"\"${PODS_ROOT}/Headers/Public/React-jsiexecutor\"",
					"\"${PODS_ROOT}/Headers/Public/React-jsinspector\"",
					"\"${PODS_ROOT}/Headers/Public/ReactCommon\"",
					"\"${PODS_ROOT}/Headers/Public/ReactNativeLocalization\"",
					"\"${PODS_ROOT}/Headers/Public/TOCropViewController\"",
					"\"${PODS_ROOT}/Headers/Public/Yoga\"",
					"\"${PODS_ROOT}/Headers/Public/YogaKit\"",
					"\"${PODS_ROOT}/Headers/Public/glog\"",
					"\"${PODS_ROOT}/Headers/Public/nanopb\"",
					"\"${PODS_ROOT}/Headers/Public/react-native-config\"",
					"\"${PODS_ROOT}/Headers/Public/react-native-pdf\"",
					"\"${PODS_ROOT}/Headers/Public/react-native-progress-view\"",
					"\"${PODS_ROOT}/Headers/Public/react-native-safe-area-context\"",
					"\"${PODS_ROOT}/Headers/Public/react-native-splash-screen\"",
					"\"${PODS_ROOT}/Headers/Public/rn-fetch-blob\"",
					"$(inherited)",
					"${PODS_ROOT}/Firebase/CoreOnly/Sources",
					"\"${PODS_TARGET_SRCROOT}/Sources/FBLPromises/include\"",
					"\"$(PODS_ROOT)/Headers/Private/React-Core\"",
					"$(SRCROOT)/../node_modules/react-native-splash-screen/ios",
					"$(SRCROOT)/../node_modules/react-native/React",
					"$(SRCROOT)/../node_modules/react-native-splash-screen/ios",
				);
				INFOPLIST_FILE = Laskux/Info.plist;
				LD_RUNPATH_SEARCH_PATHS = "$(inherited) @executable_path/Frameworks";
				MARKETING_VERSION = 1.1.44;
				OTHER_LDFLAGS = (
					"$(inherited)",
					"-ObjC",
					"-lc++",
				);
				PRODUCT_BUNDLE_IDENTIFIER = fi.laskux.mobile;
				PRODUCT_NAME = Laskux;
				SWIFT_VERSION = 5.0;
				"SYSTEM_HEADER_SEARCH_PATHS[arch=*]" = "$(SRCROOT)/../node_modules/react-native-splash-screen/ios";
				TARGETED_DEVICE_FAMILY = "1,2";
				VERSIONING_SYSTEM = "apple-generic";
			};
			name = Release;
		};
		83CBBA201A601CBA00E9B192 /* Debug */ = {
			isa = XCBuildConfiguration;
			buildSettings = {
				ALWAYS_SEARCH_USER_PATHS = NO;
				CLANG_ANALYZER_LOCALIZABILITY_NONLOCALIZED = YES;
				CLANG_CXX_LANGUAGE_STANDARD = "gnu++0x";
				CLANG_CXX_LIBRARY = "libc++";
				CLANG_ENABLE_MODULES = YES;
				CLANG_ENABLE_OBJC_ARC = YES;
				CLANG_WARN_BLOCK_CAPTURE_AUTORELEASING = YES;
				CLANG_WARN_BOOL_CONVERSION = YES;
				CLANG_WARN_COMMA = YES;
				CLANG_WARN_CONSTANT_CONVERSION = YES;
				CLANG_WARN_DEPRECATED_OBJC_IMPLEMENTATIONS = YES;
				CLANG_WARN_DIRECT_OBJC_ISA_USAGE = YES_ERROR;
				CLANG_WARN_EMPTY_BODY = YES;
				CLANG_WARN_ENUM_CONVERSION = YES;
				CLANG_WARN_INFINITE_RECURSION = YES;
				CLANG_WARN_INT_CONVERSION = YES;
				CLANG_WARN_NON_LITERAL_NULL_CONVERSION = YES;
				CLANG_WARN_OBJC_IMPLICIT_RETAIN_SELF = YES;
				CLANG_WARN_OBJC_LITERAL_CONVERSION = YES;
				CLANG_WARN_OBJC_ROOT_CLASS = YES_ERROR;
				CLANG_WARN_RANGE_LOOP_ANALYSIS = YES;
				CLANG_WARN_STRICT_PROTOTYPES = YES;
				CLANG_WARN_SUSPICIOUS_MOVE = YES;
				CLANG_WARN_UNREACHABLE_CODE = YES;
				CLANG_WARN__DUPLICATE_METHOD_MATCH = YES;
				"CODE_SIGN_IDENTITY[sdk=iphoneos*]" = "iPhone Developer";
				COPY_PHASE_STRIP = NO;
				ENABLE_STRICT_OBJC_MSGSEND = YES;
				ENABLE_TESTABILITY = YES;
				GCC_C_LANGUAGE_STANDARD = gnu99;
				GCC_DYNAMIC_NO_PIC = NO;
				GCC_NO_COMMON_BLOCKS = YES;
				GCC_OPTIMIZATION_LEVEL = 0;
				GCC_PREPROCESSOR_DEFINITIONS = (
					"DEBUG=1",
					"$(inherited)",
				);
				GCC_SYMBOLS_PRIVATE_EXTERN = NO;
				GCC_WARN_64_TO_32_BIT_CONVERSION = YES;
				GCC_WARN_ABOUT_RETURN_TYPE = YES_ERROR;
				GCC_WARN_UNDECLARED_SELECTOR = YES;
				GCC_WARN_UNINITIALIZED_AUTOS = YES_AGGRESSIVE;
				GCC_WARN_UNUSED_FUNCTION = YES;
				GCC_WARN_UNUSED_VARIABLE = YES;
				IPHONEOS_DEPLOYMENT_TARGET = 10.0;
				LD_RUNPATH_SEARCH_PATHS = "/usr/lib/swift $(inherited)";
				LIBRARY_SEARCH_PATHS = (
					"\"$(TOOLCHAIN_DIR)/usr/lib/swift/$(PLATFORM_NAME)\"",
					"\"$(TOOLCHAIN_DIR)/usr/lib/swift-5.0/$(PLATFORM_NAME)\"",
					"\"$(inherited)\"",
				);
				MTL_ENABLE_DEBUG_INFO = YES;
				ONLY_ACTIVE_ARCH = YES;
				SDKROOT = iphoneos;
			};
			name = Debug;
		};
		83CBBA211A601CBA00E9B192 /* Release */ = {
			isa = XCBuildConfiguration;
			buildSettings = {
				ALWAYS_SEARCH_USER_PATHS = NO;
				CLANG_ANALYZER_LOCALIZABILITY_NONLOCALIZED = YES;
				CLANG_CXX_LANGUAGE_STANDARD = "gnu++0x";
				CLANG_CXX_LIBRARY = "libc++";
				CLANG_ENABLE_MODULES = YES;
				CLANG_ENABLE_OBJC_ARC = YES;
				CLANG_WARN_BLOCK_CAPTURE_AUTORELEASING = YES;
				CLANG_WARN_BOOL_CONVERSION = YES;
				CLANG_WARN_COMMA = YES;
				CLANG_WARN_CONSTANT_CONVERSION = YES;
				CLANG_WARN_DEPRECATED_OBJC_IMPLEMENTATIONS = YES;
				CLANG_WARN_DIRECT_OBJC_ISA_USAGE = YES_ERROR;
				CLANG_WARN_EMPTY_BODY = YES;
				CLANG_WARN_ENUM_CONVERSION = YES;
				CLANG_WARN_INFINITE_RECURSION = YES;
				CLANG_WARN_INT_CONVERSION = YES;
				CLANG_WARN_NON_LITERAL_NULL_CONVERSION = YES;
				CLANG_WARN_OBJC_IMPLICIT_RETAIN_SELF = YES;
				CLANG_WARN_OBJC_LITERAL_CONVERSION = YES;
				CLANG_WARN_OBJC_ROOT_CLASS = YES_ERROR;
				CLANG_WARN_RANGE_LOOP_ANALYSIS = YES;
				CLANG_WARN_STRICT_PROTOTYPES = YES;
				CLANG_WARN_SUSPICIOUS_MOVE = YES;
				CLANG_WARN_UNREACHABLE_CODE = YES;
				CLANG_WARN__DUPLICATE_METHOD_MATCH = YES;
				"CODE_SIGN_IDENTITY[sdk=iphoneos*]" = "iPhone Developer";
				COPY_PHASE_STRIP = YES;
				ENABLE_NS_ASSERTIONS = NO;
				ENABLE_STRICT_OBJC_MSGSEND = YES;
				GCC_C_LANGUAGE_STANDARD = gnu99;
				GCC_NO_COMMON_BLOCKS = YES;
				GCC_WARN_64_TO_32_BIT_CONVERSION = YES;
				GCC_WARN_ABOUT_RETURN_TYPE = YES_ERROR;
				GCC_WARN_UNDECLARED_SELECTOR = YES;
				GCC_WARN_UNINITIALIZED_AUTOS = YES_AGGRESSIVE;
				GCC_WARN_UNUSED_FUNCTION = YES;
				GCC_WARN_UNUSED_VARIABLE = YES;
				IPHONEOS_DEPLOYMENT_TARGET = 10.0;
				LD_RUNPATH_SEARCH_PATHS = "/usr/lib/swift $(inherited)";
				LIBRARY_SEARCH_PATHS = (
					"\"$(TOOLCHAIN_DIR)/usr/lib/swift/$(PLATFORM_NAME)\"",
					"\"$(TOOLCHAIN_DIR)/usr/lib/swift-5.0/$(PLATFORM_NAME)\"",
					"\"$(inherited)\"",
				);
				MTL_ENABLE_DEBUG_INFO = NO;
				SDKROOT = iphoneos;
				VALIDATE_PRODUCT = YES;
			};
			name = Release;
		};
/* End XCBuildConfiguration section */

/* Begin XCConfigurationList section */
		13B07F931A680F5B00A75B9A /* Build configuration list for PBXNativeTarget "Laskux" */ = {
			isa = XCConfigurationList;
			buildConfigurations = (
				13B07F941A680F5B00A75B9A /* Debug */,
				13B07F951A680F5B00A75B9A /* Release */,
			);
			defaultConfigurationIsVisible = 0;
			defaultConfigurationName = Release;
		};
		83CBB9FA1A601CBA00E9B192 /* Build configuration list for PBXProject "Laskux" */ = {
			isa = XCConfigurationList;
			buildConfigurations = (
				83CBBA201A601CBA00E9B192 /* Debug */,
				83CBBA211A601CBA00E9B192 /* Release */,
			);
			defaultConfigurationIsVisible = 0;
			defaultConfigurationName = Release;
		};
/* End XCConfigurationList section */
	};
	rootObject = 83CBB9F71A601CBA00E9B192 /* Project object */;
}
